
Microsoft Visual Studio Solution File, Format Version 12.00
# Visual Studio Version 17
VisualStudioVersion = 17.6.33829.357
MinimumVisualStudioVersion = 10.0.40219.1
Project("{8BC9CEB8-8B4A-11D0-8D11-00A0C91BC942}") = "Project_test2", "Project_test2.vcxproj", "{9AA657FF-D622-4A38-960D-5B6B83D2D579}"
EndProject
Project("{54435603-DBB4-11D2-8724-00A0C9A8B90C}") = "Inventory", "..\Inventory\Inventory.vdproj", "{A4B56BFB-AB37-4CEA-8837-B1171565AA65}"
EndProject
Global
	GlobalSection(SolutionConfigurationPlatforms) = preSolution
		Debug|x64 = Debug|x64
		Debug|x86 = Debug|x86
		Release|x64 = Release|x64
		Release|x86 = Release|x86
	EndGlobalSection
	GlobalSection(ProjectConfigurationPlatforms) = postSolution
		{9AA657FF-D622-4A38-960D-5B6B83D2D579}.Debug|x64.ActiveCfg = Debug|x64
		{9AA657FF-D622-4A38-960D-5B6B83D2D579}.Debug|x64.Build.0 = Debug|x64
		{9AA657FF-D622-4A38-960D-5B6B83D2D579}.Debug|x86.ActiveCfg = Debug|Win32
		{9AA657FF-D622-4A38-960D-5B6B83D2D579}.Debug|x86.Build.0 = Debug|Win32
		{9AA657FF-D622-4A38-960D-5B6B83D2D579}.Release|x64.ActiveCfg = Release|x64
		{9AA657FF-D622-4A38-960D-5B6B83D2D579}.Release|x86.ActiveCfg = Release|Win32
		{9AA657FF-D622-4A38-960D-5B6B83D2D579}.Release|x86.Build.0 = Release|Win32
		{A4B56BFB-AB37-4CEA-8837-B1171565AA65}.Debug|x64.ActiveCfg = Debug
		{A4B56BFB-AB37-4CEA-8837-B1171565AA65}.Debug|x86.ActiveCfg = Debug
		{A4B56BFB-AB37-4CEA-8837-B1171565AA65}.Release|x64.ActiveCfg = Release
		{A4B56BFB-AB37-4CEA-8837-B1171565AA65}.Release|x86.ActiveCfg = Release
	EndGlobalSection
	GlobalSection(SolutionProperties) = preSolution
		HideSolutionNode = FALSE
	EndGlobalSection
	GlobalSection(ExtensibilityGlobals) = postSolution
		SolutionGuid = {20577267-6ECC-49E0-9507-20C78BC34389}
	EndGlobalSection
EndGlobal
